
Microsoft Visual Studio Solution File, Format Version 12.00
# Visual Studio Version 16
VisualStudioVersion = 16.0.31729.503
MinimumVisualStudioVersion = 10.0.40219.1
Project("{9A19103F-16F7-4668-BE54-9A1E7A4F7556}") = "LiberatingMarsWasm", "LiberatingMarsWasm.csproj", "{8490F6C3-1E13-4076-B480-6ABE348FFBFC}"
EndProject
Global
	GlobalSection(SolutionConfigurationPlatforms) = preSolution
		Debug|Any CPU = Debug|Any CPU
		Release|Any CPU = Release|Any CPU
	EndGlobalSection
	GlobalSection(ProjectConfigurationPlatforms) = postSolution
		{8490F6C3-1E13-4076-B480-6ABE348FFBFC}.Debug|Any CPU.ActiveCfg = Debug|Any CPU
		{8490F6C3-1E13-4076-B480-6ABE348FFBFC}.Debug|Any CPU.Build.0 = Debug|Any CPU
		{8490F6C3-1E13-4076-B480-6ABE348FFBFC}.Release|Any CPU.ActiveCfg = Release|Any CPU
		{8490F6C3-1E13-4076-B480-6ABE348FFBFC}.Release|Any CPU.Build.0 = Release|Any CPU
	EndGlobalSection
	GlobalSection(SolutionProperties) = preSolution
		HideSolutionNode = FALSE
	EndGlobalSection
	GlobalSection(ExtensibilityGlobals) = postSolution
		SolutionGuid = {E63F9DB7-85A1-4743-BA4A-9FA7DEC1D3D9}
	EndGlobalSection
EndGlobal
